
Microsoft Visual Studio Solution File, Format Version 12.00
# Visual Studio Version 16
VisualStudioVersion = 16.0.29519.181
MinimumVisualStudioVersion = 10.0.40219.1
Project("{9A19103F-16F7-4668-BE54-9A1E7A4F7556}") = "OtelFinder.Entities", "OtelFinder.Entities\OtelFinder.Entities.csproj", "{CC5898EA-926E-43B8-A7AE-FD2C1E4DCE59}"
EndProject
Project("{9A19103F-16F7-4668-BE54-9A1E7A4F7556}") = "HotelFinder.DataAccess", "HotelFinder.DataAccess\HotelFinder.DataAccess.csproj", "{19ACC01E-A069-4179-AABD-138D05692CEB}"
EndProject
Project("{9A19103F-16F7-4668-BE54-9A1E7A4F7556}") = "HotelFinder.Business", "HotelFinder.Business\HotelFinder.Business.csproj", "{C1CBBAC8-2B5C-45C0-B6FC-66421BD5B709}"
EndProject
Project("{9A19103F-16F7-4668-BE54-9A1E7A4F7556}") = "HotelFinder2.API", "HotelFinder2.API\HotelFinder2.API.csproj", "{1D2D1D59-00E6-4FFC-A34C-2CD8D15D635C}"
EndProject
Project("{9A19103F-16F7-4668-BE54-9A1E7A4F7556}") = "RabbitMqProduct", "RabbitMqProduct\RabbitMqProduct.csproj", "{CE69019B-1150-4554-9B7D-1E0AF7FB8BB8}"
EndProject
Project("{9A19103F-16F7-4668-BE54-9A1E7A4F7556}") = "RabbitMqOrders", "RabbitMqOrders\RabbitMqOrders.csproj", "{40F882CD-6906-4DCE-A607-1F9078E19A19}"
EndProject
Project("{9A19103F-16F7-4668-BE54-9A1E7A4F7556}") = "BasketApicik", "BasketApicik\BasketApicik.csproj", "{171B7434-4333-43C0-A045-96646C1E3F6A}"
EndProject
Project("{9A19103F-16F7-4668-BE54-9A1E7A4F7556}") = "CustomerConsole", "HotelRabbitmqConsole\CustomerConsole.csproj", "{C0EE43A2-235A-43C8-B16F-4238ECF63FCE}"
EndProject
Global
	GlobalSection(SolutionConfigurationPlatforms) = preSolution
		Debug|Any CPU = Debug|Any CPU
		Release|Any CPU = Release|Any CPU
	EndGlobalSection
	GlobalSection(ProjectConfigurationPlatforms) = postSolution
		{CC5898EA-926E-43B8-A7AE-FD2C1E4DCE59}.Debug|Any CPU.ActiveCfg = Debug|Any CPU
		{CC5898EA-926E-43B8-A7AE-FD2C1E4DCE59}.Debug|Any CPU.Build.0 = Debug|Any CPU
		{CC5898EA-926E-43B8-A7AE-FD2C1E4DCE59}.Release|Any CPU.ActiveCfg = Release|Any CPU
		{CC5898EA-926E-43B8-A7AE-FD2C1E4DCE59}.Release|Any CPU.Build.0 = Release|Any CPU
		{19ACC01E-A069-4179-AABD-138D05692CEB}.Debug|Any CPU.ActiveCfg = Debug|Any CPU
		{19ACC01E-A069-4179-AABD-138D05692CEB}.Debug|Any CPU.Build.0 = Debug|Any CPU
		{19ACC01E-A069-4179-AABD-138D05692CEB}.Release|Any CPU.ActiveCfg = Release|Any CPU
		{19ACC01E-A069-4179-AABD-138D05692CEB}.Release|Any CPU.Build.0 = Release|Any CPU
		{C1CBBAC8-2B5C-45C0-B6FC-66421BD5B709}.Debug|Any CPU.ActiveCfg = Debug|Any CPU
		{C1CBBAC8-2B5C-45C0-B6FC-66421BD5B709}.Debug|Any CPU.Build.0 = Debug|Any CPU
		{C1CBBAC8-2B5C-45C0-B6FC-66421BD5B709}.Release|Any CPU.ActiveCfg = Release|Any CPU
		{C1CBBAC8-2B5C-45C0-B6FC-66421BD5B709}.Release|Any CPU.Build.0 = Release|Any CPU
		{1D2D1D59-00E6-4FFC-A34C-2CD8D15D635C}.Debug|Any CPU.ActiveCfg = Debug|Any CPU
		{1D2D1D59-00E6-4FFC-A34C-2CD8D15D635C}.Debug|Any CPU.Build.0 = Debug|Any CPU
		{1D2D1D59-00E6-4FFC-A34C-2CD8D15D635C}.Release|Any CPU.ActiveCfg = Release|Any CPU
		{1D2D1D59-00E6-4FFC-A34C-2CD8D15D635C}.Release|Any CPU.Build.0 = Release|Any CPU
		{CE69019B-1150-4554-9B7D-1E0AF7FB8BB8}.Debug|Any CPU.ActiveCfg = Debug|Any CPU
		{CE69019B-1150-4554-9B7D-1E0AF7FB8BB8}.Debug|Any CPU.Build.0 = Debug|Any CPU
		{CE69019B-1150-4554-9B7D-1E0AF7FB8BB8}.Release|Any CPU.ActiveCfg = Release|Any CPU
		{CE69019B-1150-4554-9B7D-1E0AF7FB8BB8}.Release|Any CPU.Build.0 = Release|Any CPU
		{40F882CD-6906-4DCE-A607-1F9078E19A19}.Debug|Any CPU.ActiveCfg = Debug|Any CPU
		{40F882CD-6906-4DCE-A607-1F9078E19A19}.Debug|Any CPU.Build.0 = Debug|Any CPU
		{40F882CD-6906-4DCE-A607-1F9078E19A19}.Release|Any CPU.ActiveCfg = Release|Any CPU
		{40F882CD-6906-4DCE-A607-1F9078E19A19}.Release|Any CPU.Build.0 = Release|Any CPU
		{171B7434-4333-43C0-A045-96646C1E3F6A}.Debug|Any CPU.ActiveCfg = Debug|Any CPU
		{171B7434-4333-43C0-A045-96646C1E3F6A}.Debug|Any CPU.Build.0 = Debug|Any CPU
		{171B7434-4333-43C0-A045-96646C1E3F6A}.Release|Any CPU.ActiveCfg = Release|Any CPU
		{171B7434-4333-43C0-A045-96646C1E3F6A}.Release|Any CPU.Build.0 = Release|Any CPU
		{C0EE43A2-235A-43C8-B16F-4238ECF63FCE}.Debug|Any CPU.ActiveCfg = Debug|Any CPU
		{C0EE43A2-235A-43C8-B16F-4238ECF63FCE}.Debug|Any CPU.Build.0 = Debug|Any CPU
		{C0EE43A2-235A-43C8-B16F-4238ECF63FCE}.Release|Any CPU.ActiveCfg = Release|Any CPU
		{C0EE43A2-235A-43C8-B16F-4238ECF63FCE}.Release|Any CPU.Build.0 = Release|Any CPU
	EndGlobalSection
	GlobalSection(SolutionProperties) = preSolution
		HideSolutionNode = FALSE
	EndGlobalSection
	GlobalSection(ExtensibilityGlobals) = postSolution
		SolutionGuid = {D530EFB2-152F-4E21-BFC5-FABC4B259F74}
	EndGlobalSection
EndGlobal
